
Microsoft Visual Studio Solution File, Format Version 12.00
# Visual Studio 2015
Project("{FAE04EC0-301F-11D3-BF4B-00C04F79EFBC}") = "BulletChaser2.CSharp", "BulletChaser2.CSharp.csproj", "{488AFD12-0F46-C3A7-A3E1-7C6C001FBE6B}"
EndProject
Project("{FAE04EC0-301F-11D3-BF4B-00C04F79EFBC}") = "BulletChaser2.CSharp.Editor", "BulletChaser2.CSharp.Editor.csproj", "{11EC7205-F94D-ABE8-C491-A28F588D7165}"
EndProject
Global
	GlobalSection(SolutionConfigurationPlatforms) = preSolution
		Debug|Any CPU = Debug|Any CPU
		Release|Any CPU = Release|Any CPU
	EndGlobalSection
	GlobalSection(ProjectConfigurationPlatforms) = postSolution
		{488AFD12-0F46-C3A7-A3E1-7C6C001FBE6B}.Debug|Any CPU.ActiveCfg = Debug|Any CPU
		{488AFD12-0F46-C3A7-A3E1-7C6C001FBE6B}.Debug|Any CPU.Build.0 = Debug|Any CPU
		{488AFD12-0F46-C3A7-A3E1-7C6C001FBE6B}.Release|Any CPU.ActiveCfg = Release|Any CPU
		{488AFD12-0F46-C3A7-A3E1-7C6C001FBE6B}.Release|Any CPU.Build.0 = Release|Any CPU
		{11EC7205-F94D-ABE8-C491-A28F588D7165}.Debug|Any CPU.ActiveCfg = Debug|Any CPU
		{11EC7205-F94D-ABE8-C491-A28F588D7165}.Debug|Any CPU.Build.0 = Debug|Any CPU
		{11EC7205-F94D-ABE8-C491-A28F588D7165}.Release|Any CPU.ActiveCfg = Release|Any CPU
		{11EC7205-F94D-ABE8-C491-A28F588D7165}.Release|Any CPU.Build.0 = Release|Any CPU
	EndGlobalSection
	GlobalSection(SolutionProperties) = preSolution
		HideSolutionNode = FALSE
	EndGlobalSection
EndGlobal
